// !$*UTF8*$!
{
	archiveVersion = 1;
	classes = {
	};
	objectVersion = 54;
	objects = {

/* Begin PBXBuildFile section */
		367CB60525215BE1004B41FD /* PullRequestWidgetView.swift in Sources */ = {isa = PBXBuildFile; fileRef = 367CB5FB25215BBF004B41FD /* PullRequestWidgetView.swift */; };
		3697A614251D419F0002C6C9 /* Github_TrackerApp.swift in Sources */ = {isa = PBXBuildFile; fileRef = 3697A613251D419F0002C6C9 /* Github_TrackerApp.swift */; };
		3697A616251D419F0002C6C9 /* ContentView.swift in Sources */ = {isa = PBXBuildFile; fileRef = 3697A615251D419F0002C6C9 /* ContentView.swift */; };
		3697A618251D41A30002C6C9 /* Assets.xcassets in Resources */ = {isa = PBXBuildFile; fileRef = 3697A617251D41A30002C6C9 /* Assets.xcassets */; };
		3697A61D251D41A30002C6C9 /* Persistence.swift in Sources */ = {isa = PBXBuildFile; fileRef = 3697A61C251D41A30002C6C9 /* Persistence.swift */; };
		3697A620251D41A30002C6C9 /* Github_Tracker.xcdatamodeld in Sources */ = {isa = PBXBuildFile; fileRef = 3697A61E251D41A30002C6C9 /* Github_Tracker.xcdatamodeld */; };
		3697A62B251D41A30002C6C9 /* Github_TrackerTests.swift in Sources */ = {isa = PBXBuildFile; fileRef = 3697A62A251D41A30002C6C9 /* Github_TrackerTests.swift */; };
		3697A636251D41A30002C6C9 /* Github_TrackerUITests.swift in Sources */ = {isa = PBXBuildFile; fileRef = 3697A635251D41A30002C6C9 /* Github_TrackerUITests.swift */; };
		3697A64D251D41D50002C6C9 /* WidgetKit.framework in Frameworks */ = {isa = PBXBuildFile; fileRef = 3697A64C251D41D50002C6C9 /* WidgetKit.framework */; };
		3697A64F251D41D50002C6C9 /* SwiftUI.framework in Frameworks */ = {isa = PBXBuildFile; fileRef = 3697A64E251D41D50002C6C9 /* SwiftUI.framework */; };
		3697A652251D41D50002C6C9 /* PullRequestWidget.swift in Sources */ = {isa = PBXBuildFile; fileRef = 3697A651251D41D50002C6C9 /* PullRequestWidget.swift */; };
		3697A655251D41D90002C6C9 /* Assets.xcassets in Resources */ = {isa = PBXBuildFile; fileRef = 3697A654251D41D90002C6C9 /* Assets.xcassets */; };
		3697A657251D41D90002C6C9 /* PullRequestWidget.intentdefinition in Sources */ = {isa = PBXBuildFile; fileRef = 3697A653251D41D50002C6C9 /* PullRequestWidget.intentdefinition */; };
		3697A658251D41D90002C6C9 /* PullRequestWidget.intentdefinition in Sources */ = {isa = PBXBuildFile; fileRef = 3697A653251D41D50002C6C9 /* PullRequestWidget.intentdefinition */; };
		3697A65B251D41D90002C6C9 /* GithubWidgetExtension.appex in Embed Foundation Extensions */ = {isa = PBXBuildFile; fileRef = 3697A64A251D41D50002C6C9 /* GithubWidgetExtension.appex */; settings = {ATTRIBUTES = (RemoveHeadersOnCopy, ); }; };
		36BDD22D25200707008F2218 /* Repo.swift in Sources */ = {isa = PBXBuildFile; fileRef = 369CBD502520041400E7F2DD /* Repo.swift */; };
		36BDD2322520070C008F2218 /* PullRequest.swift in Sources */ = {isa = PBXBuildFile; fileRef = 369CBD562520042900E7F2DD /* PullRequest.swift */; };
		36BDD24425200713008F2218 /* LatestPullRequest.swift in Sources */ = {isa = PBXBuildFile; fileRef = 369CBD5C2520048000E7F2DD /* LatestPullRequest.swift */; };
		36BDD24D2520072C008F2218 /* SemanticDateExtension.swift in Sources */ = {isa = PBXBuildFile; fileRef = 369CBD46252003DC00E7F2DD /* SemanticDateExtension.swift */; };
		36BDD25C25200783008F2218 /* PullRequestLoader.swift in Sources */ = {isa = PBXBuildFile; fileRef = 36BDD2562520076B008F2218 /* PullRequestLoader.swift */; };
		36BDD26F252007B9008F2218 /* PullRequestWidgetTimeline.swift in Sources */ = {isa = PBXBuildFile; fileRef = 36BDD265252007A2008F2218 /* PullRequestWidgetTimeline.swift */; };
		36F2FA6E284BFE40007317B3 /* Preview Assets.xcassets in Resources */ = {isa = PBXBuildFile; fileRef = 36F2FA6D284BFE40007317B3 /* Preview Assets.xcassets */; };
		36F2FA72284BFEBD007317B3 /* Preview Assets.xcassets in Resources */ = {isa = PBXBuildFile; fileRef = 36F2FA71284BFEBD007317B3 /* Preview Assets.xcassets */; };
		36F2FA75284BFF4F007317B3 /* LatestPullRequestData.swift in Sources */ = {isa = PBXBuildFile; fileRef = 36F2FA73284BFF35007317B3 /* LatestPullRequestData.swift */; };
/* End PBXBuildFile section */

/* Begin PBXContainerItemProxy section */
		3697A627251D41A30002C6C9 /* PBXContainerItemProxy */ = {
			isa = PBXContainerItemProxy;
			containerPortal = 3697A608251D419F0002C6C9 /* Project object */;
			proxyType = 1;
			remoteGlobalIDString = 3697A60F251D419F0002C6C9;
			remoteInfo = "Github Checker";
		};
		3697A632251D41A30002C6C9 /* PBXContainerItemProxy */ = {
			isa = PBXContainerItemProxy;
			containerPortal = 3697A608251D419F0002C6C9 /* Project object */;
			proxyType = 1;
			remoteGlobalIDString = 3697A60F251D419F0002C6C9;
			remoteInfo = "Github Checker";
		};
		3697A659251D41D90002C6C9 /* PBXContainerItemProxy */ = {
			isa = PBXContainerItemProxy;
			containerPortal = 3697A608251D419F0002C6C9 /* Project object */;
			proxyType = 1;
			remoteGlobalIDString = 3697A649251D41D50002C6C9;
			remoteInfo = GithubWidgetExtension;
		};
/* End PBXContainerItemProxy section */

/* Begin PBXCopyFilesBuildPhase section */
		3697A65F251D41D90002C6C9 /* Embed Foundation Extensions */ = {
			isa = PBXCopyFilesBuildPhase;
			buildActionMask = 2147483647;
			dstPath = "";
			dstSubfolderSpec = 13;
			files = (
				3697A65B251D41D90002C6C9 /* GithubWidgetExtension.appex in Embed Foundation Extensions */,
			);
			name = "Embed Foundation Extensions";
			runOnlyForDeploymentPostprocessing = 0;
		};
/* End PBXCopyFilesBuildPhase section */

/* Begin PBXFileReference section */
		367CB5FB25215BBF004B41FD /* PullRequestWidgetView.swift */ = {isa = PBXFileReference; lastKnownFileType = sourcecode.swift; path = PullRequestWidgetView.swift; sourceTree = "<group>"; };
		3697A610251D419F0002C6C9 /* Github Tracker.app */ = {isa = PBXFileReference; explicitFileType = wrapper.application; includeInIndex = 0; path = "Github Tracker.app"; sourceTree = BUILT_PRODUCTS_DIR; };
		3697A613251D419F0002C6C9 /* Github_TrackerApp.swift */ = {isa = PBXFileReference; lastKnownFileType = sourcecode.swift; path = Github_TrackerApp.swift; sourceTree = "<group>"; };
		3697A615251D419F0002C6C9 /* ContentView.swift */ = {isa = PBXFileReference; lastKnownFileType = sourcecode.swift; path = ContentView.swift; sourceTree = "<group>"; };
		3697A617251D41A30002C6C9 /* Assets.xcassets */ = {isa = PBXFileReference; lastKnownFileType = folder.assetcatalog; path = Assets.xcassets; sourceTree = "<group>"; };
		3697A61C251D41A30002C6C9 /* Persistence.swift */ = {isa = PBXFileReference; lastKnownFileType = sourcecode.swift; path = Persistence.swift; sourceTree = "<group>"; };
		3697A61F251D41A30002C6C9 /* Github_Checker.xcdatamodel */ = {isa = PBXFileReference; lastKnownFileType = wrapper.xcdatamodel; path = Github_Checker.xcdatamodel; sourceTree = "<group>"; };
		3697A621251D41A30002C6C9 /* Info.plist */ = {isa = PBXFileReference; lastKnownFileType = text.plist.xml; path = Info.plist; sourceTree = "<group>"; };
		3697A626251D41A30002C6C9 /* Github TrackerTests.xctest */ = {isa = PBXFileReference; explicitFileType = wrapper.cfbundle; includeInIndex = 0; path = "Github TrackerTests.xctest"; sourceTree = BUILT_PRODUCTS_DIR; };
		3697A62A251D41A30002C6C9 /* Github_TrackerTests.swift */ = {isa = PBXFileReference; lastKnownFileType = sourcecode.swift; path = Github_TrackerTests.swift; sourceTree = "<group>"; };
		3697A62C251D41A30002C6C9 /* Info.plist */ = {isa = PBXFileReference; lastKnownFileType = text.plist.xml; path = Info.plist; sourceTree = "<group>"; };
		3697A631251D41A30002C6C9 /* Github TrackerUITests.xctest */ = {isa = PBXFileReference; explicitFileType = wrapper.cfbundle; includeInIndex = 0; path = "Github TrackerUITests.xctest"; sourceTree = BUILT_PRODUCTS_DIR; };
		3697A635251D41A30002C6C9 /* Github_TrackerUITests.swift */ = {isa = PBXFileReference; lastKnownFileType = sourcecode.swift; path = Github_TrackerUITests.swift; sourceTree = "<group>"; };
		3697A637251D41A30002C6C9 /* Info.plist */ = {isa = PBXFileReference; lastKnownFileType = text.plist.xml; path = Info.plist; sourceTree = "<group>"; };
		3697A64A251D41D50002C6C9 /* GithubWidgetExtension.appex */ = {isa = PBXFileReference; explicitFileType = "wrapper.app-extension"; includeInIndex = 0; path = GithubWidgetExtension.appex; sourceTree = BUILT_PRODUCTS_DIR; };
		3697A64C251D41D50002C6C9 /* WidgetKit.framework */ = {isa = PBXFileReference; lastKnownFileType = wrapper.framework; name = WidgetKit.framework; path = System/Library/Frameworks/WidgetKit.framework; sourceTree = SDKROOT; };
		3697A64E251D41D50002C6C9 /* SwiftUI.framework */ = {isa = PBXFileReference; lastKnownFileType = wrapper.framework; name = SwiftUI.framework; path = System/Library/Frameworks/SwiftUI.framework; sourceTree = SDKROOT; };
		3697A651251D41D50002C6C9 /* PullRequestWidget.swift */ = {isa = PBXFileReference; lastKnownFileType = sourcecode.swift; path = PullRequestWidget.swift; sourceTree = "<group>"; };
		3697A653251D41D50002C6C9 /* PullRequestWidget.intentdefinition */ = {isa = PBXFileReference; lastKnownFileType = file.intentdefinition; path = PullRequestWidget.intentdefinition; sourceTree = "<group>"; };
		3697A654251D41D90002C6C9 /* Assets.xcassets */ = {isa = PBXFileReference; lastKnownFileType = folder.assetcatalog; path = Assets.xcassets; sourceTree = "<group>"; };
		3697A656251D41D90002C6C9 /* Info.plist */ = {isa = PBXFileReference; lastKnownFileType = text.plist.xml; path = Info.plist; sourceTree = "<group>"; };
		369CBD46252003DC00E7F2DD /* SemanticDateExtension.swift */ = {isa = PBXFileReference; lastKnownFileType = sourcecode.swift; path = SemanticDateExtension.swift; sourceTree = "<group>"; };
		369CBD502520041400E7F2DD /* Repo.swift */ = {isa = PBXFileReference; lastKnownFileType = sourcecode.swift; path = Repo.swift; sourceTree = "<group>"; };
		369CBD562520042900E7F2DD /* PullRequest.swift */ = {isa = PBXFileReference; lastKnownFileType = sourcecode.swift; path = PullRequest.swift; sourceTree = "<group>"; };
		369CBD5C2520048000E7F2DD /* LatestPullRequest.swift */ = {isa = PBXFileReference; lastKnownFileType = sourcecode.swift; path = LatestPullRequest.swift; sourceTree = "<group>"; };
		36BDD2562520076B008F2218 /* PullRequestLoader.swift */ = {isa = PBXFileReference; lastKnownFileType = sourcecode.swift; path = PullRequestLoader.swift; sourceTree = "<group>"; };
		36BDD265252007A2008F2218 /* PullRequestWidgetTimeline.swift */ = {isa = PBXFileReference; lastKnownFileType = sourcecode.swift; path = PullRequestWidgetTimeline.swift; sourceTree = "<group>"; };
		36F2FA6D284BFE40007317B3 /* Preview Assets.xcassets */ = {isa = PBXFileReference; lastKnownFileType = folder.assetcatalog; path = "Preview Assets.xcassets"; sourceTree = "<group>"; };
		36F2FA71284BFEBD007317B3 /* Preview Assets.xcassets */ = {isa = PBXFileReference; lastKnownFileType = folder.assetcatalog; path = "Preview Assets.xcassets"; sourceTree = "<group>"; };
		36F2FA73284BFF35007317B3 /* LatestPullRequestData.swift */ = {isa = PBXFileReference; lastKnownFileType = sourcecode.swift; path = LatestPullRequestData.swift; sourceTree = "<group>"; };
/* End PBXFileReference section */

/* Begin PBXFrameworksBuildPhase section */
		3697A60D251D419F0002C6C9 /* Frameworks */ = {
			isa = PBXFrameworksBuildPhase;
			buildActionMask = 2147483647;
			files = (
			);
			runOnlyForDeploymentPostprocessing = 0;
		};
		3697A623251D41A30002C6C9 /* Frameworks */ = {
			isa = PBXFrameworksBuildPhase;
			buildActionMask = 2147483647;
			files = (
			);
			runOnlyForDeploymentPostprocessing = 0;
		};
		3697A62E251D41A30002C6C9 /* Frameworks */ = {
			isa = PBXFrameworksBuildPhase;
			buildActionMask = 2147483647;
			files = (
			);
			runOnlyForDeploymentPostprocessing = 0;
		};
		3697A647251D41D50002C6C9 /* Frameworks */ = {
			isa = PBXFrameworksBuildPhase;
			buildActionMask = 2147483647;
			files = (
				3697A64F251D41D50002C6C9 /* SwiftUI.framework in Frameworks */,
				3697A64D251D41D50002C6C9 /* WidgetKit.framework in Frameworks */,
			);
			runOnlyForDeploymentPostprocessing = 0;
		};
/* End PBXFrameworksBuildPhase section */

/* Begin PBXGroup section */
		367CB5FA25215B9A004B41FD /* View */ = {
			isa = PBXGroup;
			children = (
				367CB5FB25215BBF004B41FD /* PullRequestWidgetView.swift */,
			);
			path = View;
			sourceTree = "<group>";
		};
		3697A607251D419F0002C6C9 = {
			isa = PBXGroup;
			children = (
				3697A612251D419F0002C6C9 /* Github Tracker */,
				3697A629251D41A30002C6C9 /* Github TrackerTests */,
				3697A634251D41A30002C6C9 /* Github TrackerUITests */,
				3697A650251D41D50002C6C9 /* GithubWidget */,
				3697A64B251D41D50002C6C9 /* Frameworks */,
				3697A611251D419F0002C6C9 /* Products */,
			);
			sourceTree = "<group>";
		};
		3697A611251D419F0002C6C9 /* Products */ = {
			isa = PBXGroup;
			children = (
				3697A610251D419F0002C6C9 /* Github Tracker.app */,
				3697A626251D41A30002C6C9 /* Github TrackerTests.xctest */,
				3697A631251D41A30002C6C9 /* Github TrackerUITests.xctest */,
				3697A64A251D41D50002C6C9 /* GithubWidgetExtension.appex */,
			);
			name = Products;
			sourceTree = "<group>";
		};
		3697A612251D419F0002C6C9 /* Github Tracker */ = {
			isa = PBXGroup;
			children = (
				36F2FA6C284BFE22007317B3 /* Preview Content */,
				3697A613251D419F0002C6C9 /* Github_TrackerApp.swift */,
				3697A615251D419F0002C6C9 /* ContentView.swift */,
				3697A617251D41A30002C6C9 /* Assets.xcassets */,
				3697A61C251D41A30002C6C9 /* Persistence.swift */,
				3697A621251D41A30002C6C9 /* Info.plist */,
				3697A61E251D41A30002C6C9 /* Github_Tracker.xcdatamodeld */,
			);
			path = "Github Tracker";
			sourceTree = "<group>";
		};
		3697A629251D41A30002C6C9 /* Github TrackerTests */ = {
			isa = PBXGroup;
			children = (
				3697A62A251D41A30002C6C9 /* Github_TrackerTests.swift */,
				3697A62C251D41A30002C6C9 /* Info.plist */,
			);
			path = "Github TrackerTests";
			sourceTree = "<group>";
		};
		3697A634251D41A30002C6C9 /* Github TrackerUITests */ = {
			isa = PBXGroup;
			children = (
				3697A635251D41A30002C6C9 /* Github_TrackerUITests.swift */,
				3697A637251D41A30002C6C9 /* Info.plist */,
			);
			path = "Github TrackerUITests";
			sourceTree = "<group>";
		};
		3697A64B251D41D50002C6C9 /* Frameworks */ = {
			isa = PBXGroup;
			children = (
				3697A64C251D41D50002C6C9 /* WidgetKit.framework */,
				3697A64E251D41D50002C6C9 /* SwiftUI.framework */,
			);
			name = Frameworks;
			sourceTree = "<group>";
		};
		3697A650251D41D50002C6C9 /* GithubWidget */ = {
			isa = PBXGroup;
			children = (
				36F2FA6F284BFEA4007317B3 /* Preview Content */,
				369CBD45252003A700E7F2DD /* Model */,
				369CBD442520039300E7F2DD /* Extension */,
				36BDD27825200811008F2218 /* Timeline */,
				36BDD27925200833008F2218 /* Github API */,
				367CB5FA25215B9A004B41FD /* View */,
				3697A651251D41D50002C6C9 /* PullRequestWidget.swift */,
				3697A653251D41D50002C6C9 /* PullRequestWidget.intentdefinition */,
				3697A654251D41D90002C6C9 /* Assets.xcassets */,
				3697A656251D41D90002C6C9 /* Info.plist */,
			);
			path = GithubWidget;
			sourceTree = "<group>";
		};
		369CBD442520039300E7F2DD /* Extension */ = {
			isa = PBXGroup;
			children = (
				369CBD46252003DC00E7F2DD /* SemanticDateExtension.swift */,
			);
			path = Extension;
			sourceTree = "<group>";
		};
		369CBD45252003A700E7F2DD /* Model */ = {
			isa = PBXGroup;
			children = (
				369CBD502520041400E7F2DD /* Repo.swift */,
				369CBD562520042900E7F2DD /* PullRequest.swift */,
				369CBD5C2520048000E7F2DD /* LatestPullRequest.swift */,
			);
			path = Model;
			sourceTree = "<group>";
		};
		36BDD27825200811008F2218 /* Timeline */ = {
			isa = PBXGroup;
			children = (
				36BDD265252007A2008F2218 /* PullRequestWidgetTimeline.swift */,
			);
			path = Timeline;
			sourceTree = "<group>";
		};
		36BDD27925200833008F2218 /* Github API */ = {
			isa = PBXGroup;
			children = (
				36BDD2562520076B008F2218 /* PullRequestLoader.swift */,
			);
			path = "Github API";
			sourceTree = "<group>";
		};
		36F2FA6C284BFE22007317B3 /* Preview Content */ = {
			isa = PBXGroup;
			children = (
				36F2FA6D284BFE40007317B3 /* Preview Assets.xcassets */,
			);
			path = "Preview Content";
			sourceTree = "<group>";
		};
		36F2FA6F284BFEA4007317B3 /* Preview Content */ = {
			isa = PBXGroup;
			children = (
				36F2FA71284BFEBD007317B3 /* Preview Assets.xcassets */,
				36F2FA73284BFF35007317B3 /* LatestPullRequestData.swift */,
			);
			path = "Preview Content";
			sourceTree = "<group>";
		};
/* End PBXGroup section */

/* Begin PBXNativeTarget section */
		3697A60F251D419F0002C6C9 /* Github Tracker */ = {
			isa = PBXNativeTarget;
			buildConfigurationList = 3697A63A251D41A30002C6C9 /* Build configuration list for PBXNativeTarget "Github Tracker" */;
			buildPhases = (
				3697A60C251D419F0002C6C9 /* Sources */,
				3697A60D251D419F0002C6C9 /* Frameworks */,
				3697A60E251D419F0002C6C9 /* Resources */,
				3697A65F251D41D90002C6C9 /* Embed Foundation Extensions */,
			);
			buildRules = (
			);
			dependencies = (
				3697A65A251D41D90002C6C9 /* PBXTargetDependency */,
			);
			name = "Github Tracker";
			productName = "Github Checker";
			productReference = 3697A610251D419F0002C6C9 /* Github Tracker.app */;
			productType = "com.apple.product-type.application";
		};
		3697A625251D41A30002C6C9 /* Github TrackerTests */ = {
			isa = PBXNativeTarget;
			buildConfigurationList = 3697A63D251D41A30002C6C9 /* Build configuration list for PBXNativeTarget "Github TrackerTests" */;
			buildPhases = (
				3697A622251D41A30002C6C9 /* Sources */,
				3697A623251D41A30002C6C9 /* Frameworks */,
				3697A624251D41A30002C6C9 /* Resources */,
			);
			buildRules = (
			);
			dependencies = (
				3697A628251D41A30002C6C9 /* PBXTargetDependency */,
			);
			name = "Github TrackerTests";
			productName = "Github CheckerTests";
			productReference = 3697A626251D41A30002C6C9 /* Github TrackerTests.xctest */;
			productType = "com.apple.product-type.bundle.unit-test";
		};
		3697A630251D41A30002C6C9 /* Github TrackerUITests */ = {
			isa = PBXNativeTarget;
			buildConfigurationList = 3697A640251D41A30002C6C9 /* Build configuration list for PBXNativeTarget "Github TrackerUITests" */;
			buildPhases = (
				3697A62D251D41A30002C6C9 /* Sources */,
				3697A62E251D41A30002C6C9 /* Frameworks */,
				3697A62F251D41A30002C6C9 /* Resources */,
			);
			buildRules = (
			);
			dependencies = (
				3697A633251D41A30002C6C9 /* PBXTargetDependency */,
			);
			name = "Github TrackerUITests";
			productName = "Github CheckerUITests";
			productReference = 3697A631251D41A30002C6C9 /* Github TrackerUITests.xctest */;
			productType = "com.apple.product-type.bundle.ui-testing";
		};
		3697A649251D41D50002C6C9 /* GithubWidgetExtension */ = {
			isa = PBXNativeTarget;
			buildConfigurationList = 3697A65C251D41D90002C6C9 /* Build configuration list for PBXNativeTarget "GithubWidgetExtension" */;
			buildPhases = (
				3697A646251D41D50002C6C9 /* Sources */,
				3697A647251D41D50002C6C9 /* Frameworks */,
				3697A648251D41D50002C6C9 /* Resources */,
			);
			buildRules = (
			);
			dependencies = (
			);
			name = GithubWidgetExtension;
			productName = GithubWidgetExtension;
			productReference = 3697A64A251D41D50002C6C9 /* GithubWidgetExtension.appex */;
			productType = "com.apple.product-type.app-extension";
		};
/* End PBXNativeTarget section */

/* Begin PBXProject section */
		3697A608251D419F0002C6C9 /* Project object */ = {
			isa = PBXProject;
			attributes = {
				BuildIndependentTargetsInParallel = YES;
				LastSwiftUpdateCheck = 1200;
				LastUpgradeCheck = 1530;
				TargetAttributes = {
					3697A60F251D419F0002C6C9 = {
						CreatedOnToolsVersion = 12.0;
					};
					3697A625251D41A30002C6C9 = {
						CreatedOnToolsVersion = 12.0;
						TestTargetID = 3697A60F251D419F0002C6C9;
					};
					3697A630251D41A30002C6C9 = {
						CreatedOnToolsVersion = 12.0;
						TestTargetID = 3697A60F251D419F0002C6C9;
					};
					3697A649251D41D50002C6C9 = {
						CreatedOnToolsVersion = 12.0;
					};
				};
			};
			buildConfigurationList = 3697A60B251D419F0002C6C9 /* Build configuration list for PBXProject "Github Tracker" */;
			compatibilityVersion = "Xcode 9.3";
			developmentRegion = en;
			hasScannedForEncodings = 0;
			knownRegions = (
				en,
				Base,
			);
			mainGroup = 3697A607251D419F0002C6C9;
			productRefGroup = 3697A611251D419F0002C6C9 /* Products */;
			projectDirPath = "";
			projectRoot = "";
			targets = (
				3697A60F251D419F0002C6C9 /* Github Tracker */,
				3697A625251D41A30002C6C9 /* Github TrackerTests */,
				3697A630251D41A30002C6C9 /* Github TrackerUITests */,
				3697A649251D41D50002C6C9 /* GithubWidgetExtension */,
			);
		};
/* End PBXProject section */

/* Begin PBXResourcesBuildPhase section */
		3697A60E251D419F0002C6C9 /* Resources */ = {
			isa = PBXResourcesBuildPhase;
			buildActionMask = 2147483647;
			files = (
				36F2FA6E284BFE40007317B3 /* Preview Assets.xcassets in Resources */,
				36F2FA72284BFEBD007317B3 /* Preview Assets.xcassets in Resources */,
				3697A618251D41A30002C6C9 /* Assets.xcassets in Resources */,
			);
			runOnlyForDeploymentPostprocessing = 0;
		};
		3697A624251D41A30002C6C9 /* Resources */ = {
			isa = PBXResourcesBuildPhase;
			buildActionMask = 2147483647;
			files = (
			);
			runOnlyForDeploymentPostprocessing = 0;
		};
		3697A62F251D41A30002C6C9 /* Resources */ = {
			isa = PBXResourcesBuildPhase;
			buildActionMask = 2147483647;
			files = (
			);
			runOnlyForDeploymentPostprocessing = 0;
		};
		3697A648251D41D50002C6C9 /* Resources */ = {
			isa = PBXResourcesBuildPhase;
			buildActionMask = 2147483647;
			files = (
				3697A655251D41D90002C6C9 /* Assets.xcassets in Resources */,
			);
			runOnlyForDeploymentPostprocessing = 0;
		};
/* End PBXResourcesBuildPhase section */

/* Begin PBXSourcesBuildPhase section */
		3697A60C251D419F0002C6C9 /* Sources */ = {
			isa = PBXSourcesBuildPhase;
			buildActionMask = 2147483647;
			files = (
				3697A61D251D41A30002C6C9 /* Persistence.swift in Sources */,
				3697A616251D419F0002C6C9 /* ContentView.swift in Sources */,
				3697A658251D41D90002C6C9 /* PullRequestWidget.intentdefinition in Sources */,
				3697A620251D41A30002C6C9 /* Github_Tracker.xcdatamodeld in Sources */,
				3697A614251D419F0002C6C9 /* Github_TrackerApp.swift in Sources */,
			);
			runOnlyForDeploymentPostprocessing = 0;
		};
		3697A622251D41A30002C6C9 /* Sources */ = {
			isa = PBXSourcesBuildPhase;
			buildActionMask = 2147483647;
			files = (
				3697A62B251D41A30002C6C9 /* Github_TrackerTests.swift in Sources */,
			);
			runOnlyForDeploymentPostprocessing = 0;
		};
		3697A62D251D41A30002C6C9 /* Sources */ = {
			isa = PBXSourcesBuildPhase;
			buildActionMask = 2147483647;
			files = (
				3697A636251D41A30002C6C9 /* Github_TrackerUITests.swift in Sources */,
			);
			runOnlyForDeploymentPostprocessing = 0;
		};
		3697A646251D41D50002C6C9 /* Sources */ = {
			isa = PBXSourcesBuildPhase;
			buildActionMask = 2147483647;
			files = (
				36BDD22D25200707008F2218 /* Repo.swift in Sources */,
				36F2FA75284BFF4F007317B3 /* LatestPullRequestData.swift in Sources */,
				3697A652251D41D50002C6C9 /* PullRequestWidget.swift in Sources */,
				36BDD25C25200783008F2218 /* PullRequestLoader.swift in Sources */,
				367CB60525215BE1004B41FD /* PullRequestWidgetView.swift in Sources */,
				36BDD26F252007B9008F2218 /* PullRequestWidgetTimeline.swift in Sources */,
				36BDD2322520070C008F2218 /* PullRequest.swift in Sources */,
				3697A657251D41D90002C6C9 /* PullRequestWidget.intentdefinition in Sources */,
				36BDD24425200713008F2218 /* LatestPullRequest.swift in Sources */,
				36BDD24D2520072C008F2218 /* SemanticDateExtension.swift in Sources */,
			);
			runOnlyForDeploymentPostprocessing = 0;
		};
/* End PBXSourcesBuildPhase section */

/* Begin PBXTargetDependency section */
		3697A628251D41A30002C6C9 /* PBXTargetDependency */ = {
			isa = PBXTargetDependency;
			target = 3697A60F251D419F0002C6C9 /* Github Tracker */;
			targetProxy = 3697A627251D41A30002C6C9 /* PBXContainerItemProxy */;
		};
		3697A633251D41A30002C6C9 /* PBXTargetDependency */ = {
			isa = PBXTargetDependency;
			target = 3697A60F251D419F0002C6C9 /* Github Tracker */;
			targetProxy = 3697A632251D41A30002C6C9 /* PBXContainerItemProxy */;
		};
		3697A65A251D41D90002C6C9 /* PBXTargetDependency */ = {
			isa = PBXTargetDependency;
			target = 3697A649251D41D50002C6C9 /* GithubWidgetExtension */;
			targetProxy = 3697A659251D41D90002C6C9 /* PBXContainerItemProxy */;
		};
/* End PBXTargetDependency section */

/* Begin XCBuildConfiguration section */
		3697A638251D41A30002C6C9 /* Debug */ = {
			isa = XCBuildConfiguration;
			buildSettings = {
				ALWAYS_SEARCH_USER_PATHS = NO;
				CLANG_ANALYZER_NONNULL = YES;
				CLANG_ANALYZER_NUMBER_OBJECT_CONVERSION = YES_AGGRESSIVE;
				CLANG_CXX_LANGUAGE_STANDARD = "gnu++14";
				CLANG_CXX_LIBRARY = "libc++";
				CLANG_ENABLE_MODULES = YES;
				CLANG_ENABLE_OBJC_ARC = YES;
				CLANG_ENABLE_OBJC_WEAK = YES;
				CLANG_WARN_BLOCK_CAPTURE_AUTORELEASING = YES;
				CLANG_WARN_BOOL_CONVERSION = YES;
				CLANG_WARN_COMMA = YES;
				CLANG_WARN_CONSTANT_CONVERSION = YES;
				CLANG_WARN_DEPRECATED_OBJC_IMPLEMENTATIONS = YES;
				CLANG_WARN_DIRECT_OBJC_ISA_USAGE = YES_ERROR;
				CLANG_WARN_DOCUMENTATION_COMMENTS = YES;
				CLANG_WARN_EMPTY_BODY = YES;
				CLANG_WARN_ENUM_CONVERSION = YES;
				CLANG_WARN_INFINITE_RECURSION = YES;
				CLANG_WARN_INT_CONVERSION = YES;
				CLANG_WARN_NON_LITERAL_NULL_CONVERSION = YES;
				CLANG_WARN_OBJC_IMPLICIT_RETAIN_SELF = YES;
				CLANG_WARN_OBJC_LITERAL_CONVERSION = YES;
				CLANG_WARN_OBJC_ROOT_CLASS = YES_ERROR;
				CLANG_WARN_QUOTED_INCLUDE_IN_FRAMEWORK_HEADER = YES;
				CLANG_WARN_RANGE_LOOP_ANALYSIS = YES;
				CLANG_WARN_STRICT_PROTOTYPES = YES;
				CLANG_WARN_SUSPICIOUS_MOVE = YES;
				CLANG_WARN_UNGUARDED_AVAILABILITY = YES_AGGRESSIVE;
				CLANG_WARN_UNREACHABLE_CODE = YES;
				CLANG_WARN__DUPLICATE_METHOD_MATCH = YES;
				COPY_PHASE_STRIP = NO;
				DEBUG_INFORMATION_FORMAT = dwarf;
				ENABLE_STRICT_OBJC_MSGSEND = YES;
				ENABLE_TESTABILITY = YES;
				ENABLE_USER_SCRIPT_SANDBOXING = YES;
				GCC_C_LANGUAGE_STANDARD = gnu11;
				GCC_DYNAMIC_NO_PIC = NO;
				GCC_NO_COMMON_BLOCKS = YES;
				GCC_OPTIMIZATION_LEVEL = 0;
				GCC_PREPROCESSOR_DEFINITIONS = (
					"DEBUG=1",
					"$(inherited)",
				);
				GCC_WARN_64_TO_32_BIT_CONVERSION = YES;
				GCC_WARN_ABOUT_RETURN_TYPE = YES_ERROR;
				GCC_WARN_UNDECLARED_SELECTOR = YES;
				GCC_WARN_UNINITIALIZED_AUTOS = YES_AGGRESSIVE;
				GCC_WARN_UNUSED_FUNCTION = YES;
				GCC_WARN_UNUSED_VARIABLE = YES;
				IPHONEOS_DEPLOYMENT_TARGET = 17.4;
				MTL_ENABLE_DEBUG_INFO = INCLUDE_SOURCE;
				MTL_FAST_MATH = YES;
				ONLY_ACTIVE_ARCH = YES;
				SDKROOT = iphoneos;
				SWIFT_ACTIVE_COMPILATION_CONDITIONS = DEBUG;
				SWIFT_OPTIMIZATION_LEVEL = "-Onone";
			};
			name = Debug;
		};
		3697A639251D41A30002C6C9 /* Release */ = {
			isa = XCBuildConfiguration;
			buildSettings = {
				ALWAYS_SEARCH_USER_PATHS = NO;
				CLANG_ANALYZER_NONNULL = YES;
				CLANG_ANALYZER_NUMBER_OBJECT_CONVERSION = YES_AGGRESSIVE;
				CLANG_CXX_LANGUAGE_STANDARD = "gnu++14";
				CLANG_CXX_LIBRARY = "libc++";
				CLANG_ENABLE_MODULES = YES;
				CLANG_ENABLE_OBJC_ARC = YES;
				CLANG_ENABLE_OBJC_WEAK = YES;
				CLANG_WARN_BLOCK_CAPTURE_AUTORELEASING = YES;
				CLANG_WARN_BOOL_CONVERSION = YES;
				CLANG_WARN_COMMA = YES;
				CLANG_WARN_CONSTANT_CONVERSION = YES;
				CLANG_WARN_DEPRECATED_OBJC_IMPLEMENTATIONS = YES;
				CLANG_WARN_DIRECT_OBJC_ISA_USAGE = YES_ERROR;
				CLANG_WARN_DOCUMENTATION_COMMENTS = YES;
				CLANG_WARN_EMPTY_BODY = YES;
				CLANG_WARN_ENUM_CONVERSION = YES;
				CLANG_WARN_INFINITE_RECURSION = YES;
				CLANG_WARN_INT_CONVERSION = YES;
				CLANG_WARN_NON_LITERAL_NULL_CONVERSION = YES;
				CLANG_WARN_OBJC_IMPLICIT_RETAIN_SELF = YES;
				CLANG_WARN_OBJC_LITERAL_CONVERSION = YES;
				CLANG_WARN_OBJC_ROOT_CLASS = YES_ERROR;
				CLANG_WARN_QUOTED_INCLUDE_IN_FRAMEWORK_HEADER = YES;
				CLANG_WARN_RANGE_LOOP_ANALYSIS = YES;
				CLANG_WARN_STRICT_PROTOTYPES = YES;
				CLANG_WARN_SUSPICIOUS_MOVE = YES;
				CLANG_WARN_UNGUARDED_AVAILABILITY = YES_AGGRESSIVE;
				CLANG_WARN_UNREACHABLE_CODE = YES;
				CLANG_WARN__DUPLICATE_METHOD_MATCH = YES;
				COPY_PHASE_STRIP = NO;
				DEBUG_INFORMATION_FORMAT = "dwarf-with-dsym";
				ENABLE_NS_ASSERTIONS = NO;
				ENABLE_STRICT_OBJC_MSGSEND = YES;
				ENABLE_USER_SCRIPT_SANDBOXING = YES;
				GCC_C_LANGUAGE_STANDARD = gnu11;
				GCC_NO_COMMON_BLOCKS = YES;
				GCC_WARN_64_TO_32_BIT_CONVERSION = YES;
				GCC_WARN_ABOUT_RETURN_TYPE = YES_ERROR;
				GCC_WARN_UNDECLARED_SELECTOR = YES;
				GCC_WARN_UNINITIALIZED_AUTOS = YES_AGGRESSIVE;
				GCC_WARN_UNUSED_FUNCTION = YES;
				GCC_WARN_UNUSED_VARIABLE = YES;
				IPHONEOS_DEPLOYMENT_TARGET = 17.4;
				MTL_ENABLE_DEBUG_INFO = NO;
				MTL_FAST_MATH = YES;
				SDKROOT = iphoneos;
				SWIFT_COMPILATION_MODE = wholemodule;
				SWIFT_OPTIMIZATION_LEVEL = "-O";
				VALIDATE_PRODUCT = YES;
			};
			name = Release;
		};
		3697A63B251D41A30002C6C9 /* Debug */ = {
			isa = XCBuildConfiguration;
			buildSettings = {
				ALWAYS_EMBED_SWIFT_STANDARD_LIBRARIES = YES;
				ASSETCATALOG_COMPILER_APPICON_NAME = AppIcon;
				ASSETCATALOG_COMPILER_GLOBAL_ACCENT_COLOR_NAME = AccentColor;
				CODE_SIGN_STYLE = Automatic;
				DEVELOPMENT_ASSET_PATHS = "\"Github Tracker/Preview Content\" \"GithubWidget/Preview Content\"";
				DEVELOPMENT_TEAM = 8U4BWS342R;
				ENABLE_PREVIEWS = YES;
				INFOPLIST_FILE = "Github Tracker/Info.plist";
				IPHONEOS_DEPLOYMENT_TARGET = 15.2;
				LD_RUNPATH_SEARCH_PATHS = (
					"$(inherited)",
					"@executable_path/Frameworks",
				);
				PRODUCT_BUNDLE_IDENTIFIER = "nintendoh.Github-Tracker";
				PRODUCT_NAME = "$(TARGET_NAME)";
				SWIFT_VERSION = 5.0;
				TARGETED_DEVICE_FAMILY = "1,2";
			};
			name = Debug;
		};
		3697A63C251D41A30002C6C9 /* Release */ = {
			isa = XCBuildConfiguration;
			buildSettings = {
				ALWAYS_EMBED_SWIFT_STANDARD_LIBRARIES = YES;
				ASSETCATALOG_COMPILER_APPICON_NAME = AppIcon;
				ASSETCATALOG_COMPILER_GLOBAL_ACCENT_COLOR_NAME = AccentColor;
				CODE_SIGN_STYLE = Automatic;
				DEVELOPMENT_ASSET_PATHS = "\"Github Tracker/Preview Content\" \"GithubWidget/PreviewContent\"";
				DEVELOPMENT_TEAM = 8U4BWS342R;
				ENABLE_PREVIEWS = YES;
				INFOPLIST_FILE = "Github Tracker/Info.plist";
				IPHONEOS_DEPLOYMENT_TARGET = 15.2;
				LD_RUNPATH_SEARCH_PATHS = (
					"$(inherited)",
					"@executable_path/Frameworks",
				);
				PRODUCT_BUNDLE_IDENTIFIER = "nintendoh.Github-Tracker";
				PRODUCT_NAME = "$(TARGET_NAME)";
				SWIFT_VERSION = 5.0;
				TARGETED_DEVICE_FAMILY = "1,2";
			};
			name = Release;
		};
		3697A63E251D41A30002C6C9 /* Debug */ = {
			isa = XCBuildConfiguration;
			buildSettings = {
				ALWAYS_EMBED_SWIFT_STANDARD_LIBRARIES = YES;
				BUNDLE_LOADER = "$(TEST_HOST)";
				CODE_SIGN_STYLE = Automatic;
				DEVELOPMENT_TEAM = 8U4BWS342R;
				INFOPLIST_FILE = "Github TrackerTests/Info.plist";
				IPHONEOS_DEPLOYMENT_TARGET = 14.0;
				LD_RUNPATH_SEARCH_PATHS = (
					"$(inherited)",
					"@executable_path/Frameworks",
					"@loader_path/Frameworks",
				);
				PRODUCT_BUNDLE_IDENTIFIER = "nintendoh.Github-TrackerTests";
				PRODUCT_NAME = "$(TARGET_NAME)";
				SWIFT_VERSION = 5.0;
				TARGETED_DEVICE_FAMILY = "1,2";
				TEST_HOST = "$(BUILT_PRODUCTS_DIR)/Github Tracker.app/Github Tracker";
			};
			name = Debug;
		};
		3697A63F251D41A30002C6C9 /* Release */ = {
			isa = XCBuildConfiguration;
			buildSettings = {
				ALWAYS_EMBED_SWIFT_STANDARD_LIBRARIES = YES;
				BUNDLE_LOADER = "$(TEST_HOST)";
				CODE_SIGN_STYLE = Automatic;
				DEVELOPMENT_TEAM = 8U4BWS342R;
				INFOPLIST_FILE = "Github TrackerTests/Info.plist";
				IPHONEOS_DEPLOYMENT_TARGET = 14.0;
				LD_RUNPATH_SEARCH_PATHS = (
					"$(inherited)",
					"@executable_path/Frameworks",
					"@loader_path/Frameworks",
				);
				PRODUCT_BUNDLE_IDENTIFIER = "nintendoh.Github-TrackerTests";
				PRODUCT_NAME = "$(TARGET_NAME)";
				SWIFT_VERSION = 5.0;
				TARGETED_DEVICE_FAMILY = "1,2";
				TEST_HOST = "$(BUILT_PRODUCTS_DIR)/Github Tracker.app/Github Tracker";
			};
			name = Release;
		};
		3697A641251D41A30002C6C9 /* Debug */ = {
			isa = XCBuildConfiguration;
			buildSettings = {
				ALWAYS_EMBED_SWIFT_STANDARD_LIBRARIES = YES;
				CODE_SIGN_STYLE = Automatic;
				DEVELOPMENT_TEAM = 8U4BWS342R;
				INFOPLIST_FILE = "Github TrackerUITests/Info.plist";
				LD_RUNPATH_SEARCH_PATHS = (
					"$(inherited)",
					"@executable_path/Frameworks",
					"@loader_path/Frameworks",
				);
				PRODUCT_BUNDLE_IDENTIFIER = "nintendoh.Github-TrackerUITests";
				PRODUCT_NAME = "$(TARGET_NAME)";
				SWIFT_VERSION = 5.0;
				TARGETED_DEVICE_FAMILY = "1,2";
				TEST_TARGET_NAME = "Github Tracker";
			};
			name = Debug;
		};
		3697A642251D41A30002C6C9 /* Release */ = {
			isa = XCBuildConfiguration;
			buildSettings = {
				ALWAYS_EMBED_SWIFT_STANDARD_LIBRARIES = YES;
				CODE_SIGN_STYLE = Automatic;
				DEVELOPMENT_TEAM = 8U4BWS342R;
				INFOPLIST_FILE = "Github TrackerUITests/Info.plist";
				LD_RUNPATH_SEARCH_PATHS = (
					"$(inherited)",
					"@executable_path/Frameworks",
					"@loader_path/Frameworks",
				);
				PRODUCT_BUNDLE_IDENTIFIER = "nintendoh.Github-TrackerUITests";
				PRODUCT_NAME = "$(TARGET_NAME)";
				SWIFT_VERSION = 5.0;
				TARGETED_DEVICE_FAMILY = "1,2";
				TEST_TARGET_NAME = "Github Tracker";
			};
			name = Release;
		};
		3697A65D251D41D90002C6C9 /* Debug */ = {
			isa = XCBuildConfiguration;
			buildSettings = {
				ASSETCATALOG_COMPILER_GLOBAL_ACCENT_COLOR_NAME = AccentColor;
				ASSETCATALOG_COMPILER_WIDGET_BACKGROUND_COLOR_NAME = WidgetBackground;
				CODE_SIGN_STYLE = Automatic;
				DEVELOPMENT_ASSET_PATHS = "";
				DEVELOPMENT_TEAM = 8U4BWS342R;
				INFOPLIST_FILE = GithubWidget/Info.plist;
				IPHONEOS_DEPLOYMENT_TARGET = 17.4;
				LD_RUNPATH_SEARCH_PATHS = (
					"$(inherited)",
					"@executable_path/Frameworks",
					"@executable_path/../../Frameworks",
				);
				PRODUCT_BUNDLE_IDENTIFIER = "nintendoh.Github-Tracker.GithubWidget";
				PRODUCT_NAME = "$(TARGET_NAME)";
				SKIP_INSTALL = YES;
				SWIFT_VERSION = 5.0;
				TARGETED_DEVICE_FAMILY = "1,2";
			};
			name = Debug;
		};
		3697A65E251D41D90002C6C9 /* Release */ = {
			isa = XCBuildConfiguration;
			buildSettings = {
				ASSETCATALOG_COMPILER_GLOBAL_ACCENT_COLOR_NAME = AccentColor;
				ASSETCATALOG_COMPILER_WIDGET_BACKGROUND_COLOR_NAME = WidgetBackground;
				CODE_SIGN_STYLE = Automatic;
				DEVELOPMENT_ASSET_PATHS = "";
				DEVELOPMENT_TEAM = 8U4BWS342R;
				INFOPLIST_FILE = GithubWidget/Info.plist;
				IPHONEOS_DEPLOYMENT_TARGET = 17.4;
				LD_RUNPATH_SEARCH_PATHS = (
					"$(inherited)",
					"@executable_path/Frameworks",
					"@executable_path/../../Frameworks",
				);
				PRODUCT_BUNDLE_IDENTIFIER = "nintendoh.Github-Tracker.GithubWidget";
				PRODUCT_NAME = "$(TARGET_NAME)";
				SKIP_INSTALL = YES;
				SWIFT_VERSION = 5.0;
				TARGETED_DEVICE_FAMILY = "1,2";
			};
			name = Release;
		};
/* End XCBuildConfiguration section */

/* Begin XCConfigurationList section */
		3697A60B251D419F0002C6C9 /* Build configuration list for PBXProject "Github Tracker" */ = {
			isa = XCConfigurationList;
			buildConfigurations = (
				3697A638251D41A30002C6C9 /* Debug */,
				3697A639251D41A30002C6C9 /* Release */,
			);
			defaultConfigurationIsVisible = 0;
			defaultConfigurationName = Release;
		};
		3697A63A251D41A30002C6C9 /* Build configuration list for PBXNativeTarget "Github Tracker" */ = {
			isa = XCConfigurationList;
			buildConfigurations = (
				3697A63B251D41A30002C6C9 /* Debug */,
				3697A63C251D41A30002C6C9 /* Release */,
			);
			defaultConfigurationIsVisible = 0;
			defaultConfigurationName = Release;
		};
		3697A63D251D41A30002C6C9 /* Build configuration list for PBXNativeTarget "Github TrackerTests" */ = {
			isa = XCConfigurationList;
			buildConfigurations = (
				3697A63E251D41A30002C6C9 /* Debug */,
				3697A63F251D41A30002C6C9 /* Release */,
			);
			defaultConfigurationIsVisible = 0;
			defaultConfigurationName = Release;
		};
		3697A640251D41A30002C6C9 /* Build configuration list for PBXNativeTarget "Github TrackerUITests" */ = {
			isa = XCConfigurationList;
			buildConfigurations = (
				3697A641251D41A30002C6C9 /* Debug */,
				3697A642251D41A30002C6C9 /* Release */,
			);
			defaultConfigurationIsVisible = 0;
			defaultConfigurationName = Release;
		};
		3697A65C251D41D90002C6C9 /* Build configuration list for PBXNativeTarget "GithubWidgetExtension" */ = {
			isa = XCConfigurationList;
			buildConfigurations = (
				3697A65D251D41D90002C6C9 /* Debug */,
				3697A65E251D41D90002C6C9 /* Release */,
			);
			defaultConfigurationIsVisible = 0;
			defaultConfigurationName = Release;
		};
/* End XCConfigurationList section */

/* Begin XCVersionGroup section */
		3697A61E251D41A30002C6C9 /* Github_Tracker.xcdatamodeld */ = {
			isa = XCVersionGroup;
			children = (
				3697A61F251D41A30002C6C9 /* Github_Checker.xcdatamodel */,
			);
			currentVersion = 3697A61F251D41A30002C6C9 /* Github_Checker.xcdatamodel */;
			path = Github_Tracker.xcdatamodeld;
			sourceTree = "<group>";
			versionGroupType = wrapper.xcdatamodel;
		};
/* End XCVersionGroup section */
	};
	rootObject = 3697A608251D419F0002C6C9 /* Project object */;
}
